
Microsoft Visual Studio Solution File, Format Version 12.00
# Visual Studio Version 17
VisualStudioVersion = 17.13.35806.99
MinimumVisualStudioVersion = 10.0.40219.1
Project("{FAE04EC0-301F-11D3-BF4B-00C04F79EFBC}") = "Serwis", "Serwis.csproj", "{4BBAC00B-8A96-4C19-80F9-04E85C00FA18}"
EndProject
Global
	GlobalSection(SolutionConfigurationPlatforms) = preSolution
		Debug|Any CPU = Debug|Any CPU
		Release|Any CPU = Release|Any CPU
	EndGlobalSection
	GlobalSection(ProjectConfigurationPlatforms) = postSolution
		{4BBAC00B-8A96-4C19-80F9-04E85C00FA18}.Debug|Any CPU.ActiveCfg = Debug|Any CPU
		{4BBAC00B-8A96-4C19-80F9-04E85C00FA18}.Debug|Any CPU.Build.0 = Debug|Any CPU
		{4BBAC00B-8A96-4C19-80F9-04E85C00FA18}.Release|Any CPU.ActiveCfg = Release|Any CPU
		{4BBAC00B-8A96-4C19-80F9-04E85C00FA18}.Release|Any CPU.Build.0 = Release|Any CPU
	EndGlobalSection
	GlobalSection(SolutionProperties) = preSolution
		HideSolutionNode = FALSE
	EndGlobalSection
	GlobalSection(ExtensibilityGlobals) = postSolution
		SolutionGuid = {0ADBD83C-B166-4FF3-A4BC-B2351748196B}
	EndGlobalSection
EndGlobal
